
Microsoft Visual Studio Solution File, Format Version 12.00
# Visual Studio Version 17
VisualStudioVersion = 17.5.002.0
MinimumVisualStudioVersion = 10.0.40219.1
Project("{9A19103F-16F7-4668-BE54-9A1E7A4F7556}") = "demo", "demo.csproj", "{22082BFA-8837-48D8-9F30-E6DF01047068}"
EndProject
Global
	GlobalSection(SolutionConfigurationPlatforms) = preSolution
		Debug|Any CPU = Debug|Any CPU
		Release|Any CPU = Release|Any CPU
	EndGlobalSection
	GlobalSection(ProjectConfigurationPlatforms) = postSolution
		{22082BFA-8837-48D8-9F30-E6DF01047068}.Debug|Any CPU.ActiveCfg = Debug|Any CPU
		{22082BFA-8837-48D8-9F30-E6DF01047068}.Debug|Any CPU.Build.0 = Debug|Any CPU
		{22082BFA-8837-48D8-9F30-E6DF01047068}.Release|Any CPU.ActiveCfg = Release|Any CPU
		{22082BFA-8837-48D8-9F30-E6DF01047068}.Release|Any CPU.Build.0 = Release|Any CPU
	EndGlobalSection
	GlobalSection(SolutionProperties) = preSolution
		HideSolutionNode = FALSE
	EndGlobalSection
	GlobalSection(ExtensibilityGlobals) = postSolution
		SolutionGuid = {CF7A57E5-3668-4635-BF79-D40A6133301E}
	EndGlobalSection
EndGlobal
